
Microsoft Visual Studio Solution File, Format Version 12.00
# Visual Studio Version 17
VisualStudioVersion = 17.9.34714.143
MinimumVisualStudioVersion = 10.0.40219.1
Project("{FAE04EC0-301F-11D3-BF4B-00C04F79EFBC}") = "TraxAct", "TraxAct.csproj", "{6CA4D798-18C5-4F0E-AF35-6285B96F0705}"
EndProject
Global
	GlobalSection(SolutionConfigurationPlatforms) = preSolution
		Debug|Any CPU = Debug|Any CPU
		Release|Any CPU = Release|Any CPU
	EndGlobalSection
	GlobalSection(ProjectConfigurationPlatforms) = postSolution
		{6CA4D798-18C5-4F0E-AF35-6285B96F0705}.Debug|Any CPU.ActiveCfg = Debug|Any CPU
		{6CA4D798-18C5-4F0E-AF35-6285B96F0705}.Debug|Any CPU.Build.0 = Debug|Any CPU
		{6CA4D798-18C5-4F0E-AF35-6285B96F0705}.Debug|Any CPU.Deploy.0 = Debug|Any CPU
		{6CA4D798-18C5-4F0E-AF35-6285B96F0705}.Release|Any CPU.ActiveCfg = Release|Any CPU
		{6CA4D798-18C5-4F0E-AF35-6285B96F0705}.Release|Any CPU.Build.0 = Release|Any CPU
		{6CA4D798-18C5-4F0E-AF35-6285B96F0705}.Release|Any CPU.Deploy.0 = Release|Any CPU
	EndGlobalSection
	GlobalSection(SolutionProperties) = preSolution
		HideSolutionNode = FALSE
	EndGlobalSection
	GlobalSection(ExtensibilityGlobals) = postSolution
		SolutionGuid = {0B125B72-3A2F-42FA-9502-2487DF30D390}
	EndGlobalSection
EndGlobal
